
Microsoft Visual Studio Solution File, Format Version 12.00
# Visual Studio Version 17
VisualStudioVersion = 17.2.32505.173
MinimumVisualStudioVersion = 10.0.40219.1
Project("{FAE04EC0-301F-11D3-BF4B-00C04F79EFBC}") = "3Deditor", "3Deditor\3Deditor.csproj", "{8BF864F0-58BE-4414-8F43-E351D6B8816A}"
EndProject
Global
	GlobalSection(SolutionConfigurationPlatforms) = preSolution
		Debug|Any CPU = Debug|Any CPU
		Release|Any CPU = Release|Any CPU
	EndGlobalSection
	GlobalSection(ProjectConfigurationPlatforms) = postSolution
		{8BF864F0-58BE-4414-8F43-E351D6B8816A}.Debug|Any CPU.ActiveCfg = Debug|Any CPU
		{8BF864F0-58BE-4414-8F43-E351D6B8816A}.Debug|Any CPU.Build.0 = Debug|Any CPU
		{8BF864F0-58BE-4414-8F43-E351D6B8816A}.Release|Any CPU.ActiveCfg = Release|Any CPU
		{8BF864F0-58BE-4414-8F43-E351D6B8816A}.Release|Any CPU.Build.0 = Release|Any CPU
	EndGlobalSection
	GlobalSection(SolutionProperties) = preSolution
		HideSolutionNode = FALSE
	EndGlobalSection
	GlobalSection(ExtensibilityGlobals) = postSolution
		SolutionGuid = {79E83B1F-C521-445B-B69E-1EDFE1F09E04}
	EndGlobalSection
EndGlobal
